
Microsoft Visual Studio Solution File, Format Version 12.00
# Visual Studio Version 16
VisualStudioVersion = 25.0.1706.14
MinimumVisualStudioVersion = 10.0.40219.1
Project("{FAE04EC0-301F-11D3-BF4B-00C04F79EFBC}") = "BlazorMatchGame", "BlazorMatchGame\BlazorMatchGame.csproj", "{4B5B59A9-0CA3-4735-93A1-2A0D20D4B673}"
EndProject
Global
	GlobalSection(SolutionConfigurationPlatforms) = preSolution
		Debug|Any CPU = Debug|Any CPU
		Release|Any CPU = Release|Any CPU
	EndGlobalSection
	GlobalSection(ProjectConfigurationPlatforms) = postSolution
		{4B5B59A9-0CA3-4735-93A1-2A0D20D4B673}.Debug|Any CPU.ActiveCfg = Debug|Any CPU
		{4B5B59A9-0CA3-4735-93A1-2A0D20D4B673}.Debug|Any CPU.Build.0 = Debug|Any CPU
		{4B5B59A9-0CA3-4735-93A1-2A0D20D4B673}.Release|Any CPU.ActiveCfg = Release|Any CPU
		{4B5B59A9-0CA3-4735-93A1-2A0D20D4B673}.Release|Any CPU.Build.0 = Release|Any CPU
	EndGlobalSection
	GlobalSection(SolutionProperties) = preSolution
		HideSolutionNode = FALSE
	EndGlobalSection
	GlobalSection(ExtensibilityGlobals) = postSolution
		SolutionGuid = {A09F85D2-01AD-4355-966A-1B1D248F8E04}
	EndGlobalSection
EndGlobal
